
Microsoft Visual Studio Solution File, Format Version 12.00
# Visual Studio Version 16
VisualStudioVersion = 16.0.29009.5
MinimumVisualStudioVersion = 10.0.40219.1
Project("{FAE04EC0-301F-11D3-BF4B-00C04F79EFBC}") = "Text Based Game", "Text Based Game\Text Based Game.csproj", "{01D71E26-5C39-48E7-B113-52C264AE666D}"
EndProject
Global
	GlobalSection(SolutionConfigurationPlatforms) = preSolution
		Debug|Any CPU = Debug|Any CPU
		Release|Any CPU = Release|Any CPU
	EndGlobalSection
	GlobalSection(ProjectConfigurationPlatforms) = postSolution
		{01D71E26-5C39-48E7-B113-52C264AE666D}.Debug|Any CPU.ActiveCfg = Debug|Any CPU
		{01D71E26-5C39-48E7-B113-52C264AE666D}.Debug|Any CPU.Build.0 = Debug|Any CPU
		{01D71E26-5C39-48E7-B113-52C264AE666D}.Release|Any CPU.ActiveCfg = Release|Any CPU
		{01D71E26-5C39-48E7-B113-52C264AE666D}.Release|Any CPU.Build.0 = Release|Any CPU
	EndGlobalSection
	GlobalSection(SolutionProperties) = preSolution
		HideSolutionNode = FALSE
	EndGlobalSection
	GlobalSection(ExtensibilityGlobals) = postSolution
		SolutionGuid = {91E4FF55-72B6-4756-BEE3-C318B9018B34}
	EndGlobalSection
EndGlobal
